// !$*UTF8*$!
{
	archiveVersion = 1;
	classes = {
	};
	objectVersion = 77;
	objects = {

/* Begin PBXBuildFile section */
		B89B0B522FE04235008D22C7 /* WG-ShortsBlock Extension.appex in Embed Foundation Extensions */ = {isa = PBXBuildFile; fileRef = B89B0B512FE04235008D22C7 /* WG-ShortsBlock Extension.appex */; settings = {ATTRIBUTES = (RemoveHeadersOnCopy, ); }; };
		B89B0B5C2FE04235008D22C7 /* WG-ShortsBlock Extension.appex in Embed Foundation Extensions */ = {isa = PBXBuildFile; fileRef = B89B0B5B2FE04235008D22C7 /* WG-ShortsBlock Extension.appex */; settings = {ATTRIBUTES = (RemoveHeadersOnCopy, ); }; };
/* End PBXBuildFile section */

/* Begin PBXContainerItemProxy section */
		B89B0B532FE04235008D22C7 /* PBXContainerItemProxy */ = {
			isa = PBXContainerItemProxy;
			containerPortal = B89B0B182FE04233008D22C7 /* Project object */;
			proxyType = 1;
			remoteGlobalIDString = B89B0B502FE04235008D22C7;
			remoteInfo = "WG-ShortsBlcok Extension (iOS)";
		};
		B89B0B5D2FE04235008D22C7 /* PBXContainerItemProxy */ = {
			isa = PBXContainerItemProxy;
			containerPortal = B89B0B182FE04233008D22C7 /* Project object */;
			proxyType = 1;
			remoteGlobalIDString = B89B0B5A2FE04235008D22C7;
			remoteInfo = "WG-ShortsBlcok Extension (macOS)";
		};
/* End PBXContainerItemProxy section */

/* Begin PBXCopyFilesBuildPhase section */
		B89B0B842FE04235008D22C7 /* Embed Foundation Extensions */ = {
			isa = PBXCopyFilesBuildPhase;
			buildActionMask = 2147483647;
			dstPath = "";
			dstSubfolderSpec = 13;
			files = (
				B89B0B522FE04235008D22C7 /* WG-ShortsBlock Extension.appex in Embed Foundation Extensions */,
			);
			name = "Embed Foundation Extensions";
			runOnlyForDeploymentPostprocessing = 0;
		};
		B89B0B8E2FE04235008D22C7 /* Embed Foundation Extensions */ = {
			isa = PBXCopyFilesBuildPhase;
			buildActionMask = 2147483647;
			dstPath = "";
			dstSubfolderSpec = 13;
			files = (
				B89B0B5C2FE04235008D22C7 /* WG-ShortsBlock Extension.appex in Embed Foundation Extensions */,
			);
			name = "Embed Foundation Extensions";
			runOnlyForDeploymentPostprocessing = 0;
		};
/* End PBXCopyFilesBuildPhase section */

/* Begin PBXFileReference section */
		B89B0B342FE04235008D22C7 /* WG-ShortsBlock.app */ = {isa = PBXFileReference; explicitFileType = wrapper.application; includeInIndex = 0; path = "WG-ShortsBlock.app"; sourceTree = BUILT_PRODUCTS_DIR; };
		B89B0B462FE04235008D22C7 /* WG-ShortsBlock.app */ = {isa = PBXFileReference; explicitFileType = wrapper.application; includeInIndex = 0; path = "WG-ShortsBlock.app"; sourceTree = BUILT_PRODUCTS_DIR; };
		B89B0B512FE04235008D22C7 /* WG-ShortsBlock Extension.appex */ = {isa = PBXFileReference; explicitFileType = "wrapper.app-extension"; includeInIndex = 0; path = "WG-ShortsBlock Extension.appex"; sourceTree = BUILT_PRODUCTS_DIR; };
		B89B0B5B2FE04235008D22C7 /* WG-ShortsBlock Extension.appex */ = {isa = PBXFileReference; explicitFileType = "wrapper.app-extension"; includeInIndex = 0; path = "WG-ShortsBlock Extension.appex"; sourceTree = BUILT_PRODUCTS_DIR; };
/* End PBXFileReference section */

/* Begin PBXFileSystemSynchronizedBuildFileExceptionSet section */
		B89B0B7F2FE04235008D22C7 /* Exceptions for "Shared (App)" folder in "WG-ShortsBlock (iOS)" target */ = {
			isa = PBXFileSystemSynchronizedBuildFileExceptionSet;
			membershipExceptions = (
				"/Localized: Resources/Main.html",
				Assets.xcassets,
				Resources/Icon.png,
				Resources/Script.js,
				Resources/Style.css,
				ViewController.swift,
			);
			target = B89B0B332FE04235008D22C7 /* WG-ShortsBlock (iOS) */;
		};
		B89B0B832FE04235008D22C7 /* Exceptions for "iOS (Extension)" folder in "WG-ShortsBlock Extension (iOS)" target */ = {
			isa = PBXFileSystemSynchronizedBuildFileExceptionSet;
			membershipExceptions = (
				Info.plist,
			);
			target = B89B0B502FE04235008D22C7 /* WG-ShortsBlock Extension (iOS) */;
		};
		B89B0B882FE04235008D22C7 /* Exceptions for "iOS (App)" folder in "WG-ShortsBlock (iOS)" target */ = {
			isa = PBXFileSystemSynchronizedBuildFileExceptionSet;
			membershipExceptions = (
				Info.plist,
			);
			target = B89B0B332FE04235008D22C7 /* WG-ShortsBlock (iOS) */;
		};
		B89B0B892FE04235008D22C7 /* Exceptions for "Shared (App)" folder in "WG-ShortsBlock (macOS)" target */ = {
			isa = PBXFileSystemSynchronizedBuildFileExceptionSet;
			membershipExceptions = (
				"/Localized: Resources/Main.html",
				Assets.xcassets,
				Resources/Icon.png,
				Resources/Script.js,
				Resources/Style.css,
				ViewController.swift,
			);
			target = B89B0B452FE04235008D22C7 /* WG-ShortsBlock (macOS) */;
		};
		B89B0B8D2FE04235008D22C7 /* Exceptions for "macOS (Extension)" folder in "WG-ShortsBlock Extension (macOS)" target */ = {
			isa = PBXFileSystemSynchronizedBuildFileExceptionSet;
			membershipExceptions = (
				Info.plist,
			);
			target = B89B0B5A2FE04235008D22C7 /* WG-ShortsBlock Extension (macOS) */;
		};
		B89B0B922FE04235008D22C7 /* Exceptions for "Shared (Extension)" folder in "WG-ShortsBlock Extension (iOS)" target */ = {
			isa = PBXFileSystemSynchronizedBuildFileExceptionSet;
			membershipExceptions = (
				Resources/_locales,
				Resources/background.js,
				Resources/content.js,
				Resources/images,
				Resources/manifest.json,
				Resources/popup.css,
				Resources/popup.html,
				Resources/popup.js,
				SafariWebExtensionHandler.swift,
			);
			target = B89B0B502FE04235008D22C7 /* WG-ShortsBlock Extension (iOS) */;
		};
		B89B0B932FE04235008D22C7 /* Exceptions for "Shared (Extension)" folder in "WG-ShortsBlock Extension (macOS)" target */ = {
			isa = PBXFileSystemSynchronizedBuildFileExceptionSet;
			membershipExceptions = (
				Resources/_locales,
				Resources/background.js,
				Resources/content.js,
				Resources/images,
				Resources/manifest.json,
				Resources/popup.css,
				Resources/popup.html,
				Resources/popup.js,
				SafariWebExtensionHandler.swift,
			);
			target = B89B0B5A2FE04235008D22C7 /* WG-ShortsBlock Extension (macOS) */;
		};
/* End PBXFileSystemSynchronizedBuildFileExceptionSet section */

/* Begin PBXFileSystemSynchronizedRootGroup section */
		B89B0B1C2FE04233008D22C7 /* Shared (App) */ = {
			isa = PBXFileSystemSynchronizedRootGroup;
			exceptions = (
				B89B0B7F2FE04235008D22C7 /* Exceptions for "Shared (App)" folder in "WG-ShortsBlock (iOS)" target */,
				B89B0B892FE04235008D22C7 /* Exceptions for "Shared (App)" folder in "WG-ShortsBlock (macOS)" target */,
			);
			path = "Shared (App)";
			sourceTree = "<group>";
		};
		B89B0B252FE04235008D22C7 /* Shared (Extension) */ = {
			isa = PBXFileSystemSynchronizedRootGroup;
			exceptions = (
				B89B0B922FE04235008D22C7 /* Exceptions for "Shared (Extension)" folder in "WG-ShortsBlock Extension (iOS)" target */,
				B89B0B932FE04235008D22C7 /* Exceptions for "Shared (Extension)" folder in "WG-ShortsBlock Extension (macOS)" target */,
			);
			explicitFolders = (
				Resources/_locales,
				Resources/images,
			);
			path = "Shared (Extension)";
			sourceTree = "<group>";
		};
		B89B0B362FE04235008D22C7 /* iOS (App) */ = {
			isa = PBXFileSystemSynchronizedRootGroup;
			exceptions = (
				B89B0B882FE04235008D22C7 /* Exceptions for "iOS (App)" folder in "WG-ShortsBlock (iOS)" target */,
			);
			path = "iOS (App)";
			sourceTree = "<group>";
		};
		B89B0B472FE04235008D22C7 /* macOS (App) */ = {
			isa = PBXFileSystemSynchronizedRootGroup;
			path = "macOS (App)";
			sourceTree = "<group>";
		};
		B89B0B552FE04235008D22C7 /* iOS (Extension) */ = {
			isa = PBXFileSystemSynchronizedRootGroup;
			exceptions = (
				B89B0B832FE04235008D22C7 /* Exceptions for "iOS (Extension)" folder in "WG-ShortsBlock Extension (iOS)" target */,
			);
			path = "iOS (Extension)";
			sourceTree = "<group>";
		};
		B89B0B5F2FE04235008D22C7 /* macOS (Extension) */ = {
			isa = PBXFileSystemSynchronizedRootGroup;
			exceptions = (
				B89B0B8D2FE04235008D22C7 /* Exceptions for "macOS (Extension)" folder in "WG-ShortsBlock Extension (macOS)" target */,
			);
			path = "macOS (Extension)";
			sourceTree = "<group>";
		};
/* End PBXFileSystemSynchronizedRootGroup section */

/* Begin PBXFrameworksBuildPhase section */
		B89B0B312FE04235008D22C7 /* Frameworks */ = {
			isa = PBXFrameworksBuildPhase;
			buildActionMask = 2147483647;
			files = (
			);
			runOnlyForDeploymentPostprocessing = 0;
		};
		B89B0B432FE04235008D22C7 /* Frameworks */ = {
			isa = PBXFrameworksBuildPhase;
			buildActionMask = 2147483647;
			files = (
			);
			runOnlyForDeploymentPostprocessing = 0;
		};
		B89B0B4E2FE04235008D22C7 /* Frameworks */ = {
			isa = PBXFrameworksBuildPhase;
			buildActionMask = 2147483647;
			files = (
			);
			runOnlyForDeploymentPostprocessing = 0;
		};
		B89B0B582FE04235008D22C7 /* Frameworks */ = {
			isa = PBXFrameworksBuildPhase;
			buildActionMask = 2147483647;
			files = (
			);
			runOnlyForDeploymentPostprocessing = 0;
		};
/* End PBXFrameworksBuildPhase section */

/* Begin PBXGroup section */
		B89B0B172FE04233008D22C7 = {
			isa = PBXGroup;
			children = (
				B89B0B1C2FE04233008D22C7 /* Shared (App) */,
				B89B0B252FE04235008D22C7 /* Shared (Extension) */,
				B89B0B362FE04235008D22C7 /* iOS (App) */,
				B89B0B472FE04235008D22C7 /* macOS (App) */,
				B89B0B552FE04235008D22C7 /* iOS (Extension) */,
				B89B0B5F2FE04235008D22C7 /* macOS (Extension) */,
				B89B0B352FE04235008D22C7 /* Products */,
			);
			sourceTree = "<group>";
		};
		B89B0B352FE04235008D22C7 /* Products */ = {
			isa = PBXGroup;
			children = (
				B89B0B342FE04235008D22C7 /* WG-ShortsBlock.app */,
				B89B0B462FE04235008D22C7 /* WG-ShortsBlock.app */,
				B89B0B512FE04235008D22C7 /* WG-ShortsBlock Extension.appex */,
				B89B0B5B2FE04235008D22C7 /* WG-ShortsBlock Extension.appex */,
			);
			name = Products;
			sourceTree = "<group>";
		};
/* End PBXGroup section */

/* Begin PBXNativeTarget section */
		B89B0B332FE04235008D22C7 /* WG-ShortsBlock (iOS) */ = {
			isa = PBXNativeTarget;
			buildConfigurationList = B89B0B852FE04235008D22C7 /* Build configuration list for PBXNativeTarget "WG-ShortsBlock (iOS)" */;
			buildPhases = (
				B89B0B302FE04235008D22C7 /* Sources */,
				B89B0B312FE04235008D22C7 /* Frameworks */,
				B89B0B322FE04235008D22C7 /* Resources */,
				B89B0B842FE04235008D22C7 /* Embed Foundation Extensions */,
			);
			buildRules = (
			);
			dependencies = (
				B89B0B542FE04235008D22C7 /* PBXTargetDependency */,
			);
			fileSystemSynchronizedGroups = (
				B89B0B362FE04235008D22C7 /* iOS (App) */,
			);
			name = "WG-ShortsBlock (iOS)";
			packageProductDependencies = (
			);
			productName = "WG-ShortsBlcok (iOS)";
			productReference = B89B0B342FE04235008D22C7 /* WG-ShortsBlock.app */;
			productType = "com.apple.product-type.application";
		};
		B89B0B452FE04235008D22C7 /* WG-ShortsBlock (macOS) */ = {
			isa = PBXNativeTarget;
			buildConfigurationList = B89B0B8F2FE04235008D22C7 /* Build configuration list for PBXNativeTarget "WG-ShortsBlock (macOS)" */;
			buildPhases = (
				B89B0B422FE04235008D22C7 /* Sources */,
				B89B0B432FE04235008D22C7 /* Frameworks */,
				B89B0B442FE04235008D22C7 /* Resources */,
				B89B0B8E2FE04235008D22C7 /* Embed Foundation Extensions */,
			);
			buildRules = (
			);
			dependencies = (
				B89B0B5E2FE04235008D22C7 /* PBXTargetDependency */,
			);
			fileSystemSynchronizedGroups = (
				B89B0B472FE04235008D22C7 /* macOS (App) */,
			);
			name = "WG-ShortsBlock (macOS)";
			packageProductDependencies = (
			);
			productName = "WG-ShortsBlcok (macOS)";
			productReference = B89B0B462FE04235008D22C7 /* WG-ShortsBlock.app */;
			productType = "com.apple.product-type.application";
		};
		B89B0B502FE04235008D22C7 /* WG-ShortsBlock Extension (iOS) */ = {
			isa = PBXNativeTarget;
			buildConfigurationList = B89B0B802FE04235008D22C7 /* Build configuration list for PBXNativeTarget "WG-ShortsBlock Extension (iOS)" */;
			buildPhases = (
				B89B0B4D2FE04235008D22C7 /* Sources */,
				B89B0B4E2FE04235008D22C7 /* Frameworks */,
				B89B0B4F2FE04235008D22C7 /* Resources */,
			);
			buildRules = (
			);
			dependencies = (
			);
			fileSystemSynchronizedGroups = (
				B89B0B552FE04235008D22C7 /* iOS (Extension) */,
			);
			name = "WG-ShortsBlock Extension (iOS)";
			packageProductDependencies = (
			);
			productName = "WG-ShortsBlcok Extension (iOS)";
			productReference = B89B0B512FE04235008D22C7 /* WG-ShortsBlock Extension.appex */;
			productType = "com.apple.product-type.app-extension";
		};
		B89B0B5A2FE04235008D22C7 /* WG-ShortsBlock Extension (macOS) */ = {
			isa = PBXNativeTarget;
			buildConfigurationList = B89B0B8A2FE04235008D22C7 /* Build configuration list for PBXNativeTarget "WG-ShortsBlock Extension (macOS)" */;
			buildPhases = (
				B89B0B572FE04235008D22C7 /* Sources */,
				B89B0B582FE04235008D22C7 /* Frameworks */,
				B89B0B592FE04235008D22C7 /* Resources */,
			);
			buildRules = (
			);
			dependencies = (
			);
			fileSystemSynchronizedGroups = (
				B89B0B5F2FE04235008D22C7 /* macOS (Extension) */,
			);
			name = "WG-ShortsBlock Extension (macOS)";
			packageProductDependencies = (
			);
			productName = "WG-ShortsBlcok Extension (macOS)";
			productReference = B89B0B5B2FE04235008D22C7 /* WG-ShortsBlock Extension.appex */;
			productType = "com.apple.product-type.app-extension";
		};
/* End PBXNativeTarget section */

/* Begin PBXProject section */
		B89B0B182FE04233008D22C7 /* Project object */ = {
			isa = PBXProject;
			attributes = {
				BuildIndependentTargetsInParallel = 1;
				LastSwiftUpdateCheck = 2650;
				LastUpgradeCheck = 2650;
				TargetAttributes = {
					B89B0B332FE04235008D22C7 = {
						CreatedOnToolsVersion = 26.5;
					};
					B89B0B452FE04235008D22C7 = {
						CreatedOnToolsVersion = 26.5;
					};
					B89B0B502FE04235008D22C7 = {
						CreatedOnToolsVersion = 26.5;
					};
					B89B0B5A2FE04235008D22C7 = {
						CreatedOnToolsVersion = 26.5;
					};
				};
			};
			buildConfigurationList = B89B0B1B2FE04233008D22C7 /* Build configuration list for PBXProject "WG-ShortsBlock" */;
			developmentRegion = en;
			hasScannedForEncodings = 0;
			knownRegions = (
				en,
				Base,
			);
			mainGroup = B89B0B172FE04233008D22C7;
			minimizedProjectReferenceProxies = 1;
			preferredProjectObjectVersion = 77;
			productRefGroup = B89B0B352FE04235008D22C7 /* Products */;
			projectDirPath = "";
			projectRoot = "";
			targets = (
				B89B0B332FE04235008D22C7 /* WG-ShortsBlock (iOS) */,
				B89B0B452FE04235008D22C7 /* WG-ShortsBlock (macOS) */,
				B89B0B502FE04235008D22C7 /* WG-ShortsBlock Extension (iOS) */,
				B89B0B5A2FE04235008D22C7 /* WG-ShortsBlock Extension (macOS) */,
			);
		};
/* End PBXProject section */

/* Begin PBXResourcesBuildPhase section */
		B89B0B322FE04235008D22C7 /* Resources */ = {
			isa = PBXResourcesBuildPhase;
			buildActionMask = 2147483647;
			files = (
			);
			runOnlyForDeploymentPostprocessing = 0;
		};
		B89B0B442FE04235008D22C7 /* Resources */ = {
			isa = PBXResourcesBuildPhase;
			buildActionMask = 2147483647;
			files = (
			);
			runOnlyForDeploymentPostprocessing = 0;
		};
		B89B0B4F2FE04235008D22C7 /* Resources */ = {
			isa = PBXResourcesBuildPhase;
			buildActionMask = 2147483647;
			files = (
			);
			runOnlyForDeploymentPostprocessing = 0;
		};
		B89B0B592FE04235008D22C7 /* Resources */ = {
			isa = PBXResourcesBuildPhase;
			buildActionMask = 2147483647;
			files = (
			);
			runOnlyForDeploymentPostprocessing = 0;
		};
/* End PBXResourcesBuildPhase section */

/* Begin PBXSourcesBuildPhase section */
		B89B0B302FE04235008D22C7 /* Sources */ = {
			isa = PBXSourcesBuildPhase;
			buildActionMask = 2147483647;
			files = (
			);
			runOnlyForDeploymentPostprocessing = 0;
		};
		B89B0B422FE04235008D22C7 /* Sources */ = {
			isa = PBXSourcesBuildPhase;
			buildActionMask = 2147483647;
			files = (
			);
			runOnlyForDeploymentPostprocessing = 0;
		};
		B89B0B4D2FE04235008D22C7 /* Sources */ = {
			isa = PBXSourcesBuildPhase;
			buildActionMask = 2147483647;
			files = (
			);
			runOnlyForDeploymentPostprocessing = 0;
		};
		B89B0B572FE04235008D22C7 /* Sources */ = {
			isa = PBXSourcesBuildPhase;
			buildActionMask = 2147483647;
			files = (
			);
			runOnlyForDeploymentPostprocessing = 0;
		};
/* End PBXSourcesBuildPhase section */

/* Begin PBXTargetDependency section */
		B89B0B542FE04235008D22C7 /* PBXTargetDependency */ = {
			isa = PBXTargetDependency;
			target = B89B0B502FE04235008D22C7 /* WG-ShortsBlock Extension (iOS) */;
			targetProxy = B89B0B532FE04235008D22C7 /* PBXContainerItemProxy */;
		};
		B89B0B5E2FE04235008D22C7 /* PBXTargetDependency */ = {
			isa = PBXTargetDependency;
			target = B89B0B5A2FE04235008D22C7 /* WG-ShortsBlock Extension (macOS) */;
			targetProxy = B89B0B5D2FE04235008D22C7 /* PBXContainerItemProxy */;
		};
/* End PBXTargetDependency section */

/* Begin XCBuildConfiguration section */
		B89B0B812FE04235008D22C7 /* Debug */ = {
			isa = XCBuildConfiguration;
			buildSettings = {
				CODE_SIGN_STYLE = Automatic;
				CURRENT_PROJECT_VERSION = 1;
				DEVELOPMENT_TEAM = CWDH6S87LF;
				GENERATE_INFOPLIST_FILE = YES;
				INFOPLIST_FILE = "iOS (Extension)/Info.plist";
				INFOPLIST_KEY_CFBundleDisplayName = "WG-ShortsBlcok Extension";
				INFOPLIST_KEY_NSHumanReadableCopyright = "";
				IPHONEOS_DEPLOYMENT_TARGET = 15.0;
				LD_RUNPATH_SEARCH_PATHS = (
					"$(inherited)",
					"@executable_path/Frameworks",
					"@executable_path/../../Frameworks",
				);
				MARKETING_VERSION = 1.0;
				OTHER_LDFLAGS = (
					"-framework",
					SafariServices,
				);
				PRODUCT_BUNDLE_IDENTIFIER = "wgroup.WG-ShortsBlcok.Extension";
				PRODUCT_NAME = "WG-ShortsBlock Extension";
				SDKROOT = iphoneos;
				SKIP_INSTALL = YES;
				STRING_CATALOG_GENERATE_SYMBOLS = YES;
				SWIFT_APPROACHABLE_CONCURRENCY = YES;
				SWIFT_EMIT_LOC_STRINGS = YES;
				SWIFT_UPCOMING_FEATURE_MEMBER_IMPORT_VISIBILITY = YES;
				SWIFT_VERSION = 5.0;
				TARGETED_DEVICE_FAMILY = "1,2";
			};
			name = Debug;
		};
		B89B0B822FE04235008D22C7 /* Release */ = {
			isa = XCBuildConfiguration;
			buildSettings = {
				CODE_SIGN_STYLE = Automatic;
				CURRENT_PROJECT_VERSION = 1;
				DEVELOPMENT_TEAM = CWDH6S87LF;
				GENERATE_INFOPLIST_FILE = YES;
				INFOPLIST_FILE = "iOS (Extension)/Info.plist";
				INFOPLIST_KEY_CFBundleDisplayName = "WG-ShortsBlcok Extension";
				INFOPLIST_KEY_NSHumanReadableCopyright = "";
				IPHONEOS_DEPLOYMENT_TARGET = 15.0;
				LD_RUNPATH_SEARCH_PATHS = (
					"$(inherited)",
					"@executable_path/Frameworks",
					"@executable_path/../../Frameworks",
				);
				MARKETING_VERSION = 1.0;
				OTHER_LDFLAGS = (
					"-framework",
					SafariServices,
				);
				PRODUCT_BUNDLE_IDENTIFIER = "wgroup.WG-ShortsBlcok.Extension";
				PRODUCT_NAME = "WG-ShortsBlock Extension";
				SDKROOT = iphoneos;
				SKIP_INSTALL = YES;
				STRING_CATALOG_GENERATE_SYMBOLS = YES;
				SWIFT_APPROACHABLE_CONCURRENCY = YES;
				SWIFT_EMIT_LOC_STRINGS = YES;
				SWIFT_UPCOMING_FEATURE_MEMBER_IMPORT_VISIBILITY = YES;
				SWIFT_VERSION = 5.0;
				TARGETED_DEVICE_FAMILY = "1,2";
				VALIDATE_PRODUCT = YES;
			};
			name = Release;
		};
		B89B0B862FE04235008D22C7 /* Debug */ = {
			isa = XCBuildConfiguration;
			buildSettings = {
				ASSETCATALOG_COMPILER_APPICON_NAME = AppIcon;
				ASSETCATALOG_COMPILER_GLOBAL_ACCENT_COLOR_NAME = AccentColor;
				CODE_SIGN_STYLE = Automatic;
				CURRENT_PROJECT_VERSION = 1;
				DEVELOPMENT_TEAM = CWDH6S87LF;
				GENERATE_INFOPLIST_FILE = YES;
				INFOPLIST_FILE = "iOS (App)/Info.plist";
				INFOPLIST_KEY_CFBundleDisplayName = "WG-ShortsBlcok";
				INFOPLIST_KEY_UIApplicationSupportsIndirectInputEvents = YES;
				INFOPLIST_KEY_UILaunchStoryboardName = LaunchScreen;
				INFOPLIST_KEY_UIMainStoryboardFile = Main;
				INFOPLIST_KEY_UISupportedInterfaceOrientations = "UIInterfaceOrientationPortrait UIInterfaceOrientationLandscapeLeft UIInterfaceOrientationLandscapeRight";
				INFOPLIST_KEY_UISupportedInterfaceOrientations_iPad = "UIInterfaceOrientationPortrait UIInterfaceOrientationPortraitUpsideDown UIInterfaceOrientationLandscapeLeft UIInterfaceOrientationLandscapeRight";
				IPHONEOS_DEPLOYMENT_TARGET = 15.0;
				LD_RUNPATH_SEARCH_PATHS = (
					"$(inherited)",
					"@executable_path/Frameworks",
				);
				MARKETING_VERSION = 1.0;
				OTHER_LDFLAGS = (
					"-framework",
					SafariServices,
					"-framework",
					WebKit,
				);
				PRODUCT_BUNDLE_IDENTIFIER = "wgroup.WG-ShortsBlcok";
				PRODUCT_NAME = "WG-ShortsBlock";
				SDKROOT = iphoneos;
				STRING_CATALOG_GENERATE_SYMBOLS = YES;
				SWIFT_APPROACHABLE_CONCURRENCY = YES;
				SWIFT_DEFAULT_ACTOR_ISOLATION = MainActor;
				SWIFT_EMIT_LOC_STRINGS = YES;
				SWIFT_UPCOMING_FEATURE_MEMBER_IMPORT_VISIBILITY = YES;
				SWIFT_VERSION = 5.0;
				TARGETED_DEVICE_FAMILY = "1,2";
			};
			name = Debug;
		};
		B89B0B872FE04235008D22C7 /* Release */ = {
			isa = XCBuildConfiguration;
			buildSettings = {
				ASSETCATALOG_COMPILER_APPICON_NAME = AppIcon;
				ASSETCATALOG_COMPILER_GLOBAL_ACCENT_COLOR_NAME = AccentColor;
				CODE_SIGN_STYLE = Automatic;
				CURRENT_PROJECT_VERSION = 1;
				DEVELOPMENT_TEAM = CWDH6S87LF;
				GENERATE_INFOPLIST_FILE = YES;
				INFOPLIST_FILE = "iOS (App)/Info.plist";
				INFOPLIST_KEY_CFBundleDisplayName = "WG-ShortsBlcok";
				INFOPLIST_KEY_UIApplicationSupportsIndirectInputEvents = YES;
				INFOPLIST_KEY_UILaunchStoryboardName = LaunchScreen;
				INFOPLIST_KEY_UIMainStoryboardFile = Main;
				INFOPLIST_KEY_UISupportedInterfaceOrientations = "UIInterfaceOrientationPortrait UIInterfaceOrientationLandscapeLeft UIInterfaceOrientationLandscapeRight";
				INFOPLIST_KEY_UISupportedInterfaceOrientations_iPad = "UIInterfaceOrientationPortrait UIInterfaceOrientationPortraitUpsideDown UIInterfaceOrientationLandscapeLeft UIInterfaceOrientationLandscapeRight";
				IPHONEOS_DEPLOYMENT_TARGET = 15.0;
				LD_RUNPATH_SEARCH_PATHS = (
					"$(inherited)",
					"@executable_path/Frameworks",
				);
				MARKETING_VERSION = 1.0;
				OTHER_LDFLAGS = (
					"-framework",
					SafariServices,
					"-framework",
					WebKit,
				);
				PRODUCT_BUNDLE_IDENTIFIER = "wgroup.WG-ShortsBlcok";
				PRODUCT_NAME = "WG-ShortsBlock";
				SDKROOT = iphoneos;
				STRING_CATALOG_GENERATE_SYMBOLS = YES;
				SWIFT_APPROACHABLE_CONCURRENCY = YES;
				SWIFT_DEFAULT_ACTOR_ISOLATION = MainActor;
				SWIFT_EMIT_LOC_STRINGS = YES;
				SWIFT_UPCOMING_FEATURE_MEMBER_IMPORT_VISIBILITY = YES;
				SWIFT_VERSION = 5.0;
				TARGETED_DEVICE_FAMILY = "1,2";
				VALIDATE_PRODUCT = YES;
			};
			name = Release;
		};
		B89B0B8B2FE04235008D22C7 /* Debug */ = {
			isa = XCBuildConfiguration;
			buildSettings = {
				CODE_SIGN_STYLE = Automatic;
				CURRENT_PROJECT_VERSION = 1;
				DEVELOPMENT_TEAM = CWDH6S87LF;
				ENABLE_APP_SANDBOX = YES;
				ENABLE_HARDENED_RUNTIME = YES;
				ENABLE_USER_SELECTED_FILES = readonly;
				GENERATE_INFOPLIST_FILE = YES;
				INFOPLIST_FILE = "macOS (Extension)/Info.plist";
				INFOPLIST_KEY_CFBundleDisplayName = "WG-ShortsBlcok Extension";
				INFOPLIST_KEY_NSHumanReadableCopyright = "";
				LD_RUNPATH_SEARCH_PATHS = (
					"$(inherited)",
					"@executable_path/../Frameworks",
					"@executable_path/../../../../Frameworks",
				);
				MACOSX_DEPLOYMENT_TARGET = 10.14;
				MARKETING_VERSION = 1.0;
				OTHER_LDFLAGS = (
					"-framework",
					SafariServices,
				);
				PRODUCT_BUNDLE_IDENTIFIER = "wgroup.WG-ShortsBlcok.Extension";
				PRODUCT_NAME = "WG-ShortsBlock Extension";
				SDKROOT = macosx;
				SKIP_INSTALL = YES;
				STRING_CATALOG_GENERATE_SYMBOLS = YES;
				SWIFT_APPROACHABLE_CONCURRENCY = YES;
				SWIFT_EMIT_LOC_STRINGS = YES;
				SWIFT_UPCOMING_FEATURE_MEMBER_IMPORT_VISIBILITY = YES;
				SWIFT_VERSION = 5.0;
			};
			name = Debug;
		};
		B89B0B8C2FE04235008D22C7 /* Release */ = {
			isa = XCBuildConfiguration;
			buildSettings = {
				CODE_SIGN_STYLE = Automatic;
				CURRENT_PROJECT_VERSION = 1;
				DEVELOPMENT_TEAM = CWDH6S87LF;
				ENABLE_APP_SANDBOX = YES;
				ENABLE_HARDENED_RUNTIME = YES;
				ENABLE_USER_SELECTED_FILES = readonly;
				GENERATE_INFOPLIST_FILE = YES;
				INFOPLIST_FILE = "macOS (Extension)/Info.plist";
				INFOPLIST_KEY_CFBundleDisplayName = "WG-ShortsBlcok Extension";
				INFOPLIST_KEY_NSHumanReadableCopyright = "";
				LD_RUNPATH_SEARCH_PATHS = (
					"$(inherited)",
					"@executable_path/../Frameworks",
					"@executable_path/../../../../Frameworks",
				);
				MACOSX_DEPLOYMENT_TARGET = 10.14;
				MARKETING_VERSION = 1.0;
				OTHER_LDFLAGS = (
					"-framework",
					SafariServices,
				);
				PRODUCT_BUNDLE_IDENTIFIER = "wgroup.WG-ShortsBlcok.Extension";
				PRODUCT_NAME = "WG-ShortsBlock Extension";
				SDKROOT = macosx;
				SKIP_INSTALL = YES;
				STRING_CATALOG_GENERATE_SYMBOLS = YES;
				SWIFT_APPROACHABLE_CONCURRENCY = YES;
				SWIFT_EMIT_LOC_STRINGS = YES;
				SWIFT_UPCOMING_FEATURE_MEMBER_IMPORT_VISIBILITY = YES;
				SWIFT_VERSION = 5.0;
			};
			name = Release;
		};
		B89B0B902FE04235008D22C7 /* Debug */ = {
			isa = XCBuildConfiguration;
			buildSettings = {
				ASSETCATALOG_COMPILER_APPICON_NAME = AppIcon;
				ASSETCATALOG_COMPILER_GLOBAL_ACCENT_COLOR_NAME = AccentColor;
				CODE_SIGN_STYLE = Automatic;
				CURRENT_PROJECT_VERSION = 1;
				DEVELOPMENT_TEAM = CWDH6S87LF;
				ENABLE_APP_SANDBOX = YES;
				ENABLE_HARDENED_RUNTIME = YES;
				ENABLE_OUTGOING_NETWORK_CONNECTIONS = YES;
				ENABLE_USER_SELECTED_FILES = readonly;
				GENERATE_INFOPLIST_FILE = YES;
				INFOPLIST_KEY_CFBundleDisplayName = "WG-ShortsBlcok";
				INFOPLIST_KEY_NSMainStoryboardFile = Main;
				INFOPLIST_KEY_NSPrincipalClass = NSApplication;
				LD_RUNPATH_SEARCH_PATHS = (
					"$(inherited)",
					"@executable_path/../Frameworks",
				);
				MACOSX_DEPLOYMENT_TARGET = 10.14;
				MARKETING_VERSION = 1.0;
				OTHER_LDFLAGS = (
					"-framework",
					SafariServices,
					"-framework",
					WebKit,
				);
				PRODUCT_BUNDLE_IDENTIFIER = "wgroup.WG-ShortsBlcok";
				PRODUCT_NAME = "WG-ShortsBlock";
				REGISTER_APP_GROUPS = YES;
				SDKROOT = macosx;
				STRING_CATALOG_GENERATE_SYMBOLS = YES;
				SWIFT_APPROACHABLE_CONCURRENCY = YES;
				SWIFT_DEFAULT_ACTOR_ISOLATION = MainActor;
				SWIFT_EMIT_LOC_STRINGS = YES;
				SWIFT_UPCOMING_FEATURE_MEMBER_IMPORT_VISIBILITY = YES;
				SWIFT_VERSION = 5.0;
			};
			name = Debug;
		};
		B89B0B912FE04235008D22C7 /* Release */ = {
			isa = XCBuildConfiguration;
			buildSettings = {
				ASSETCATALOG_COMPILER_APPICON_NAME = AppIcon;
				ASSETCATALOG_COMPILER_GLOBAL_ACCENT_COLOR_NAME = AccentColor;
				CODE_SIGN_STYLE = Automatic;
				CURRENT_PROJECT_VERSION = 1;
				DEVELOPMENT_TEAM = CWDH6S87LF;
				ENABLE_APP_SANDBOX = YES;
				ENABLE_HARDENED_RUNTIME = YES;
				ENABLE_OUTGOING_NETWORK_CONNECTIONS = YES;
				ENABLE_USER_SELECTED_FILES = readonly;
				GENERATE_INFOPLIST_FILE = YES;
				INFOPLIST_KEY_CFBundleDisplayName = "WG-ShortsBlcok";
				INFOPLIST_KEY_NSMainStoryboardFile = Main;
				INFOPLIST_KEY_NSPrincipalClass = NSApplication;
				LD_RUNPATH_SEARCH_PATHS = (
					"$(inherited)",
					"@executable_path/../Frameworks",
				);
				MACOSX_DEPLOYMENT_TARGET = 10.14;
				MARKETING_VERSION = 1.0;
				OTHER_LDFLAGS = (
					"-framework",
					SafariServices,
					"-framework",
					WebKit,
				);
				PRODUCT_BUNDLE_IDENTIFIER = "wgroup.WG-ShortsBlcok";
				PRODUCT_NAME = "WG-ShortsBlock";
				REGISTER_APP_GROUPS = YES;
				SDKROOT = macosx;
				STRING_CATALOG_GENERATE_SYMBOLS = YES;
				SWIFT_APPROACHABLE_CONCURRENCY = YES;
				SWIFT_DEFAULT_ACTOR_ISOLATION = MainActor;
				SWIFT_EMIT_LOC_STRINGS = YES;
				SWIFT_UPCOMING_FEATURE_MEMBER_IMPORT_VISIBILITY = YES;
				SWIFT_VERSION = 5.0;
			};
			name = Release;
		};
		B89B0B942FE04235008D22C7 /* Debug */ = {
			isa = XCBuildConfiguration;
			buildSettings = {
				ALWAYS_SEARCH_USER_PATHS = NO;
				ASSETCATALOG_COMPILER_GENERATE_SWIFT_ASSET_SYMBOL_EXTENSIONS = YES;
				CLANG_ANALYZER_NONNULL = YES;
				CLANG_ANALYZER_NUMBER_OBJECT_CONVERSION = YES_AGGRESSIVE;
				CLANG_CXX_LANGUAGE_STANDARD = "gnu++20";
				CLANG_ENABLE_MODULES = YES;
				CLANG_ENABLE_OBJC_ARC = YES;
				CLANG_ENABLE_OBJC_WEAK = YES;
				CLANG_WARN_BLOCK_CAPTURE_AUTORELEASING = YES;
				CLANG_WARN_BOOL_CONVERSION = YES;
				CLANG_WARN_COMMA = YES;
				CLANG_WARN_CONSTANT_CONVERSION = YES;
				CLANG_WARN_DEPRECATED_OBJC_IMPLEMENTATIONS = YES;
				CLANG_WARN_DIRECT_OBJC_ISA_USAGE = YES_ERROR;
				CLANG_WARN_DOCUMENTATION_COMMENTS = YES;
				CLANG_WARN_EMPTY_BODY = YES;
				CLANG_WARN_ENUM_CONVERSION = YES;
				CLANG_WARN_INFINITE_RECURSION = YES;
				CLANG_WARN_INT_CONVERSION = YES;
				CLANG_WARN_NON_LITERAL_NULL_CONVERSION = YES;
				CLANG_WARN_OBJC_IMPLICIT_RETAIN_SELF = YES;
				CLANG_WARN_OBJC_LITERAL_CONVERSION = YES;
				CLANG_WARN_OBJC_ROOT_CLASS = YES_ERROR;
				CLANG_WARN_QUOTED_INCLUDE_IN_FRAMEWORK_HEADER = YES;
				CLANG_WARN_RANGE_LOOP_ANALYSIS = YES;
				CLANG_WARN_STRICT_PROTOTYPES = YES;
				CLANG_WARN_SUSPICIOUS_MOVE = YES;
				CLANG_WARN_UNGUARDED_AVAILABILITY = YES_AGGRESSIVE;
				CLANG_WARN_UNREACHABLE_CODE = YES;
				CLANG_WARN__DUPLICATE_METHOD_MATCH = YES;
				COPY_PHASE_STRIP = NO;
				DEBUG_INFORMATION_FORMAT = dwarf;
				DEVELOPMENT_TEAM = CWDH6S87LF;
				ENABLE_STRICT_OBJC_MSGSEND = YES;
				ENABLE_TESTABILITY = YES;
				ENABLE_USER_SCRIPT_SANDBOXING = YES;
				GCC_C_LANGUAGE_STANDARD = gnu17;
				GCC_DYNAMIC_NO_PIC = NO;
				GCC_NO_COMMON_BLOCKS = YES;
				GCC_OPTIMIZATION_LEVEL = 0;
				GCC_PREPROCESSOR_DEFINITIONS = (
					"DEBUG=1",
					"$(inherited)",
				);
				GCC_WARN_64_TO_32_BIT_CONVERSION = YES;
				GCC_WARN_ABOUT_RETURN_TYPE = YES_ERROR;
				GCC_WARN_UNDECLARED_SELECTOR = YES;
				GCC_WARN_UNINITIALIZED_AUTOS = YES_AGGRESSIVE;
				GCC_WARN_UNUSED_FUNCTION = YES;
				GCC_WARN_UNUSED_VARIABLE = YES;
				LOCALIZATION_PREFERS_STRING_CATALOGS = YES;
				MTL_ENABLE_DEBUG_INFO = INCLUDE_SOURCE;
				MTL_FAST_MATH = YES;
				ONLY_ACTIVE_ARCH = YES;
				SWIFT_ACTIVE_COMPILATION_CONDITIONS = "DEBUG $(inherited)";
				SWIFT_OPTIMIZATION_LEVEL = "-Onone";
			};
			name = Debug;
		};
		B89B0B952FE04235008D22C7 /* Release */ = {
			isa = XCBuildConfiguration;
			buildSettings = {
				ALWAYS_SEARCH_USER_PATHS = NO;
				ASSETCATALOG_COMPILER_GENERATE_SWIFT_ASSET_SYMBOL_EXTENSIONS = YES;
				CLANG_ANALYZER_NONNULL = YES;
				CLANG_ANALYZER_NUMBER_OBJECT_CONVERSION = YES_AGGRESSIVE;
				CLANG_CXX_LANGUAGE_STANDARD = "gnu++20";
				CLANG_ENABLE_MODULES = YES;
				CLANG_ENABLE_OBJC_ARC = YES;
				CLANG_ENABLE_OBJC_WEAK = YES;
				CLANG_WARN_BLOCK_CAPTURE_AUTORELEASING = YES;
				CLANG_WARN_BOOL_CONVERSION = YES;
				CLANG_WARN_COMMA = YES;
				CLANG_WARN_CONSTANT_CONVERSION = YES;
				CLANG_WARN_DEPRECATED_OBJC_IMPLEMENTATIONS = YES;
				CLANG_WARN_DIRECT_OBJC_ISA_USAGE = YES_ERROR;
				CLANG_WARN_DOCUMENTATION_COMMENTS = YES;
				CLANG_WARN_EMPTY_BODY = YES;
				CLANG_WARN_ENUM_CONVERSION = YES;
				CLANG_WARN_INFINITE_RECURSION = YES;
				CLANG_WARN_INT_CONVERSION = YES;
				CLANG_WARN_NON_LITERAL_NULL_CONVERSION = YES;
				CLANG_WARN_OBJC_IMPLICIT_RETAIN_SELF = YES;
				CLANG_WARN_OBJC_LITERAL_CONVERSION = YES;
				CLANG_WARN_OBJC_ROOT_CLASS = YES_ERROR;
				CLANG_WARN_QUOTED_INCLUDE_IN_FRAMEWORK_HEADER = YES;
				CLANG_WARN_RANGE_LOOP_ANALYSIS = YES;
				CLANG_WARN_STRICT_PROTOTYPES = YES;
				CLANG_WARN_SUSPICIOUS_MOVE = YES;
				CLANG_WARN_UNGUARDED_AVAILABILITY = YES_AGGRESSIVE;
				CLANG_WARN_UNREACHABLE_CODE = YES;
				CLANG_WARN__DUPLICATE_METHOD_MATCH = YES;
				COPY_PHASE_STRIP = NO;
				DEBUG_INFORMATION_FORMAT = "dwarf-with-dsym";
				DEVELOPMENT_TEAM = CWDH6S87LF;
				ENABLE_NS_ASSERTIONS = NO;
				ENABLE_STRICT_OBJC_MSGSEND = YES;
				ENABLE_USER_SCRIPT_SANDBOXING = YES;
				GCC_C_LANGUAGE_STANDARD = gnu17;
				GCC_NO_COMMON_BLOCKS = YES;
				GCC_WARN_64_TO_32_BIT_CONVERSION = YES;
				GCC_WARN_ABOUT_RETURN_TYPE = YES_ERROR;
				GCC_WARN_UNDECLARED_SELECTOR = YES;
				GCC_WARN_UNINITIALIZED_AUTOS = YES_AGGRESSIVE;
				GCC_WARN_UNUSED_FUNCTION = YES;
				GCC_WARN_UNUSED_VARIABLE = YES;
				LOCALIZATION_PREFERS_STRING_CATALOGS = YES;
				MTL_ENABLE_DEBUG_INFO = NO;
				MTL_FAST_MATH = YES;
				SWIFT_COMPILATION_MODE = wholemodule;
			};
			name = Release;
		};
/* End XCBuildConfiguration section */

/* Begin XCConfigurationList section */
		B89B0B1B2FE04233008D22C7 /* Build configuration list for PBXProject "WG-ShortsBlock" */ = {
			isa = XCConfigurationList;
			buildConfigurations = (
				B89B0B942FE04235008D22C7 /* Debug */,
				B89B0B952FE04235008D22C7 /* Release */,
			);
			defaultConfigurationIsVisible = 0;
			defaultConfigurationName = Release;
		};
		B89B0B802FE04235008D22C7 /* Build configuration list for PBXNativeTarget "WG-ShortsBlock Extension (iOS)" */ = {
			isa = XCConfigurationList;
			buildConfigurations = (
				B89B0B812FE04235008D22C7 /* Debug */,
				B89B0B822FE04235008D22C7 /* Release */,
			);
			defaultConfigurationIsVisible = 0;
			defaultConfigurationName = Release;
		};
		B89B0B852FE04235008D22C7 /* Build configuration list for PBXNativeTarget "WG-ShortsBlock (iOS)" */ = {
			isa = XCConfigurationList;
			buildConfigurations = (
				B89B0B862FE04235008D22C7 /* Debug */,
				B89B0B872FE04235008D22C7 /* Release */,
			);
			defaultConfigurationIsVisible = 0;
			defaultConfigurationName = Release;
		};
		B89B0B8A2FE04235008D22C7 /* Build configuration list for PBXNativeTarget "WG-ShortsBlock Extension (macOS)" */ = {
			isa = XCConfigurationList;
			buildConfigurations = (
				B89B0B8B2FE04235008D22C7 /* Debug */,
				B89B0B8C2FE04235008D22C7 /* Release */,
			);
			defaultConfigurationIsVisible = 0;
			defaultConfigurationName = Release;
		};
		B89B0B8F2FE04235008D22C7 /* Build configuration list for PBXNativeTarget "WG-ShortsBlock (macOS)" */ = {
			isa = XCConfigurationList;
			buildConfigurations = (
				B89B0B902FE04235008D22C7 /* Debug */,
				B89B0B912FE04235008D22C7 /* Release */,
			);
			defaultConfigurationIsVisible = 0;
			defaultConfigurationName = Release;
		};
/* End XCConfigurationList section */
	};
	rootObject = B89B0B182FE04233008D22C7 /* Project object */;
}
